
Microsoft Visual Studio Solution File, Format Version 12.00
# Visual Studio Version 17
VisualStudioVersion = 17.12.35323.107
MinimumVisualStudioVersion = 10.0.40219.1
Project("{FAE04EC0-301F-11D3-BF4B-00C04F79EFBC}") = "Adding and subtracting Binnary", "Adding and subtracting Binnary\Adding and subtracting Binnary.csproj", "{C2492B98-682B-447D-B2E9-99BF00A8E16A}"
EndProject
Global
	GlobalSection(SolutionConfigurationPlatforms) = preSolution
		Debug|Any CPU = Debug|Any CPU
		Release|Any CPU = Release|Any CPU
	EndGlobalSection
	GlobalSection(ProjectConfigurationPlatforms) = postSolution
		{C2492B98-682B-447D-B2E9-99BF00A8E16A}.Debug|Any CPU.ActiveCfg = Debug|Any CPU
		{C2492B98-682B-447D-B2E9-99BF00A8E16A}.Debug|Any CPU.Build.0 = Debug|Any CPU
		{C2492B98-682B-447D-B2E9-99BF00A8E16A}.Release|Any CPU.ActiveCfg = Release|Any CPU
		{C2492B98-682B-447D-B2E9-99BF00A8E16A}.Release|Any CPU.Build.0 = Release|Any CPU
	EndGlobalSection
	GlobalSection(SolutionProperties) = preSolution
		HideSolutionNode = FALSE
	EndGlobalSection
	GlobalSection(ExtensibilityGlobals) = postSolution
		SolutionGuid = {B96EF5A4-2568-40E4-9F30-3C511246483E}
	EndGlobalSection
EndGlobal
